
Microsoft Visual Studio Solution File, Format Version 12.00
# Visual Studio Version 16
VisualStudioVersion = 16.0.31729.503
MinimumVisualStudioVersion = 10.0.40219.1
Project("{2150E333-8FDC-42A3-9474-1A3956D46DE8}") = "Tests", "Tests", "{EC672DB3-6704-45DF-8EE5-49F877C10408}"
EndProject
Project("{2150E333-8FDC-42A3-9474-1A3956D46DE8}") = "Applications", "Applications", "{A698F9BB-CD78-42EF-A192-0BDCAC90F637}"
EndProject
Project("{FAE04EC0-301F-11D3-BF4B-00C04F79EFBC}") = "TrackerApplication", "TrackerApplication\TrackerApplication.csproj", "{E2B541B5-3FE2-4B22-B783-BF24473411B5}"
EndProject
Project("{2150E333-8FDC-42A3-9474-1A3956D46DE8}") = "FirstTask", "FirstTask", "{F7B24B5A-3D16-490C-ABAD-CD3EE0066E95}"
EndProject
Project("{2150E333-8FDC-42A3-9474-1A3956D46DE8}") = "SecondTask", "SecondTask", "{77334867-ACDF-4ACE-AFDB-1BC0CA7968A7}"
EndProject
Project("{FAE04EC0-301F-11D3-BF4B-00C04F79EFBC}") = "TrackerBase", "TrackerBase\TrackerBase.csproj", "{1FF9DAF2-C70B-4A09-8170-98FB2856A8B3}"
EndProject
Project("{FAE04EC0-301F-11D3-BF4B-00C04F79EFBC}") = "TestConsole", "TestConsole\TestConsole.csproj", "{652B5316-F80F-4DBA-9133-67BE16C672D8}"
EndProject
Project("{FAE04EC0-301F-11D3-BF4B-00C04F79EFBC}") = "TestApplication", "TestApplication\TestApplication.csproj", "{0432F302-6A81-4D73-BBD9-990E406DA639}"
EndProject
Project("{2150E333-8FDC-42A3-9474-1A3956D46DE8}") = "Applications", "Applications", "{5FEFD4EF-B97A-4177-8E88-8B9FCC528A22}"
EndProject
Project("{2150E333-8FDC-42A3-9474-1A3956D46DE8}") = "Tests", "Tests", "{A398A2BE-C0BD-411B-8DA4-AC21B528B843}"
EndProject
Project("{FAE04EC0-301F-11D3-BF4B-00C04F79EFBC}") = "ServerSelfHostedConsole", "ServerSelfHostedConsole\ServerSelfHostedConsole.csproj", "{8BF73AC5-E535-45BE-9D2C-1B631FFBF371}"
EndProject
Project("{FAE04EC0-301F-11D3-BF4B-00C04F79EFBC}") = "ClientApplication", "ClientApplication\ClientApplication.csproj", "{837BE6CC-656C-483C-A341-A2E304C69EF3}"
EndProject
Project("{FAE04EC0-301F-11D3-BF4B-00C04F79EFBC}") = "ClientServerBase", "ClientServerBase\ClientServerBase.csproj", "{7C7AE1B9-3DA6-4ADD-8843-6D14D44C201C}"
EndProject
Global
	GlobalSection(SolutionConfigurationPlatforms) = preSolution
		Debug|Any CPU = Debug|Any CPU
		Release|Any CPU = Release|Any CPU
	EndGlobalSection
	GlobalSection(ProjectConfigurationPlatforms) = postSolution
		{E2B541B5-3FE2-4B22-B783-BF24473411B5}.Debug|Any CPU.ActiveCfg = Debug|Any CPU
		{E2B541B5-3FE2-4B22-B783-BF24473411B5}.Debug|Any CPU.Build.0 = Debug|Any CPU
		{E2B541B5-3FE2-4B22-B783-BF24473411B5}.Release|Any CPU.ActiveCfg = Release|Any CPU
		{E2B541B5-3FE2-4B22-B783-BF24473411B5}.Release|Any CPU.Build.0 = Release|Any CPU
		{1FF9DAF2-C70B-4A09-8170-98FB2856A8B3}.Debug|Any CPU.ActiveCfg = Debug|Any CPU
		{1FF9DAF2-C70B-4A09-8170-98FB2856A8B3}.Debug|Any CPU.Build.0 = Debug|Any CPU
		{1FF9DAF2-C70B-4A09-8170-98FB2856A8B3}.Release|Any CPU.ActiveCfg = Release|Any CPU
		{1FF9DAF2-C70B-4A09-8170-98FB2856A8B3}.Release|Any CPU.Build.0 = Release|Any CPU
		{652B5316-F80F-4DBA-9133-67BE16C672D8}.Debug|Any CPU.ActiveCfg = Debug|Any CPU
		{652B5316-F80F-4DBA-9133-67BE16C672D8}.Debug|Any CPU.Build.0 = Debug|Any CPU
		{652B5316-F80F-4DBA-9133-67BE16C672D8}.Release|Any CPU.ActiveCfg = Release|Any CPU
		{652B5316-F80F-4DBA-9133-67BE16C672D8}.Release|Any CPU.Build.0 = Release|Any CPU
		{0432F302-6A81-4D73-BBD9-990E406DA639}.Debug|Any CPU.ActiveCfg = Debug|Any CPU
		{0432F302-6A81-4D73-BBD9-990E406DA639}.Debug|Any CPU.Build.0 = Debug|Any CPU
		{0432F302-6A81-4D73-BBD9-990E406DA639}.Release|Any CPU.ActiveCfg = Release|Any CPU
		{0432F302-6A81-4D73-BBD9-990E406DA639}.Release|Any CPU.Build.0 = Release|Any CPU
		{8BF73AC5-E535-45BE-9D2C-1B631FFBF371}.Debug|Any CPU.ActiveCfg = Debug|Any CPU
		{8BF73AC5-E535-45BE-9D2C-1B631FFBF371}.Debug|Any CPU.Build.0 = Debug|Any CPU
		{8BF73AC5-E535-45BE-9D2C-1B631FFBF371}.Release|Any CPU.ActiveCfg = Release|Any CPU
		{8BF73AC5-E535-45BE-9D2C-1B631FFBF371}.Release|Any CPU.Build.0 = Release|Any CPU
		{837BE6CC-656C-483C-A341-A2E304C69EF3}.Debug|Any CPU.ActiveCfg = Debug|Any CPU
		{837BE6CC-656C-483C-A341-A2E304C69EF3}.Debug|Any CPU.Build.0 = Debug|Any CPU
		{837BE6CC-656C-483C-A341-A2E304C69EF3}.Release|Any CPU.ActiveCfg = Release|Any CPU
		{837BE6CC-656C-483C-A341-A2E304C69EF3}.Release|Any CPU.Build.0 = Release|Any CPU
		{7C7AE1B9-3DA6-4ADD-8843-6D14D44C201C}.Debug|Any CPU.ActiveCfg = Debug|Any CPU
		{7C7AE1B9-3DA6-4ADD-8843-6D14D44C201C}.Debug|Any CPU.Build.0 = Debug|Any CPU
		{7C7AE1B9-3DA6-4ADD-8843-6D14D44C201C}.Release|Any CPU.ActiveCfg = Release|Any CPU
		{7C7AE1B9-3DA6-4ADD-8843-6D14D44C201C}.Release|Any CPU.Build.0 = Release|Any CPU
	EndGlobalSection
	GlobalSection(SolutionProperties) = preSolution
		HideSolutionNode = FALSE
	EndGlobalSection
	GlobalSection(NestedProjects) = preSolution
		{EC672DB3-6704-45DF-8EE5-49F877C10408} = {F7B24B5A-3D16-490C-ABAD-CD3EE0066E95}
		{A698F9BB-CD78-42EF-A192-0BDCAC90F637} = {F7B24B5A-3D16-490C-ABAD-CD3EE0066E95}
		{E2B541B5-3FE2-4B22-B783-BF24473411B5} = {A698F9BB-CD78-42EF-A192-0BDCAC90F637}
		{1FF9DAF2-C70B-4A09-8170-98FB2856A8B3} = {A698F9BB-CD78-42EF-A192-0BDCAC90F637}
		{652B5316-F80F-4DBA-9133-67BE16C672D8} = {EC672DB3-6704-45DF-8EE5-49F877C10408}
		{0432F302-6A81-4D73-BBD9-990E406DA639} = {EC672DB3-6704-45DF-8EE5-49F877C10408}
		{5FEFD4EF-B97A-4177-8E88-8B9FCC528A22} = {77334867-ACDF-4ACE-AFDB-1BC0CA7968A7}
		{A398A2BE-C0BD-411B-8DA4-AC21B528B843} = {77334867-ACDF-4ACE-AFDB-1BC0CA7968A7}
		{8BF73AC5-E535-45BE-9D2C-1B631FFBF371} = {5FEFD4EF-B97A-4177-8E88-8B9FCC528A22}
		{837BE6CC-656C-483C-A341-A2E304C69EF3} = {5FEFD4EF-B97A-4177-8E88-8B9FCC528A22}
		{7C7AE1B9-3DA6-4ADD-8843-6D14D44C201C} = {5FEFD4EF-B97A-4177-8E88-8B9FCC528A22}
	EndGlobalSection
	GlobalSection(ExtensibilityGlobals) = postSolution
		SolutionGuid = {F09EC2C9-BCB1-4BDA-B5EE-5BC6197DAF75}
	EndGlobalSection
EndGlobal
